
Microsoft Visual Studio Solution File, Format Version 11.00
# Visual Studio 2010
Project("{FAE04EC0-301F-11D3-BF4B-00C04F79EFBC}") = "Assembly-CSharp", "Assembly-CSharp.csproj", "{0B41E03A-9833-D09D-C08D-FDCCD5BF2E92}"
EndProject
Project("{FAE04EC0-301F-11D3-BF4B-00C04F79EFBC}") = "Assembly-CSharp-Editor", "Assembly-CSharp-Editor.csproj", "{CC4BF4E7-F338-72CD-93CB-2C6A6996EEA6}"
EndProject
Global
	GlobalSection(SolutionConfigurationPlatforms) = preSolution
		Debug|Any CPU = Debug|Any CPU
		Release|Any CPU = Release|Any CPU
	EndGlobalSection
	GlobalSection(ProjectConfigurationPlatforms) = postSolution
		{0B41E03A-9833-D09D-C08D-FDCCD5BF2E92}.Debug|Any CPU.ActiveCfg = Debug|Any CPU
		{0B41E03A-9833-D09D-C08D-FDCCD5BF2E92}.Debug|Any CPU.Build.0 = Debug|Any CPU
		{0B41E03A-9833-D09D-C08D-FDCCD5BF2E92}.Release|Any CPU.ActiveCfg = Release|Any CPU
		{0B41E03A-9833-D09D-C08D-FDCCD5BF2E92}.Release|Any CPU.Build.0 = Release|Any CPU
		{CC4BF4E7-F338-72CD-93CB-2C6A6996EEA6}.Debug|Any CPU.ActiveCfg = Debug|Any CPU
		{CC4BF4E7-F338-72CD-93CB-2C6A6996EEA6}.Debug|Any CPU.Build.0 = Debug|Any CPU
		{CC4BF4E7-F338-72CD-93CB-2C6A6996EEA6}.Release|Any CPU.ActiveCfg = Release|Any CPU
		{CC4BF4E7-F338-72CD-93CB-2C6A6996EEA6}.Release|Any CPU.Build.0 = Release|Any CPU
	EndGlobalSection
	GlobalSection(SolutionProperties) = preSolution
		HideSolutionNode = FALSE
	EndGlobalSection
EndGlobal
